
Microsoft Visual Studio Solution File, Format Version 12.00
# Visual Studio 15
Project("{FAE04EC0-301F-11D3-BF4B-00C04F79EFBC}") = "ColorPickerExemplo.Android", "ColorPickerExemplo.Android\ColorPickerExemplo.Android.csproj", "{5A3A8820-F42C-4914-B9FD-BD932AE36224}"
EndProject
Project("{FAE04EC0-301F-11D3-BF4B-00C04F79EFBC}") = "ColorPickerExemplo.iOS", "ColorPickerExemplo.iOS\ColorPickerExemplo.iOS.csproj", "{67FB8B6C-153D-4D64-BF01-C10F0D4CD470}"
EndProject
Project("{FAE04EC0-301F-11D3-BF4B-00C04F79EFBC}") = "ColorPickerExemplo", "ColorPickerExemplo\ColorPickerExemplo.csproj", "{3A6B20AB-6B96-4F45-9638-41832EB7164D}"
EndProject
Global
	GlobalSection(SolutionConfigurationPlatforms) = preSolution
		Debug|Any CPU = Debug|Any CPU
		Release|Any CPU = Release|Any CPU
		Debug|iPhoneSimulator = Debug|iPhoneSimulator
		Release|iPhoneSimulator = Release|iPhoneSimulator
		Debug|iPhone = Debug|iPhone
		Release|iPhone = Release|iPhone
	EndGlobalSection
	GlobalSection(ProjectConfigurationPlatforms) = postSolution
		{5A3A8820-F42C-4914-B9FD-BD932AE36224}.Debug|Any CPU.ActiveCfg = Debug|Any CPU
		{5A3A8820-F42C-4914-B9FD-BD932AE36224}.Debug|Any CPU.Build.0 = Debug|Any CPU
		{5A3A8820-F42C-4914-B9FD-BD932AE36224}.Release|Any CPU.ActiveCfg = Release|Any CPU
		{5A3A8820-F42C-4914-B9FD-BD932AE36224}.Release|Any CPU.Build.0 = Release|Any CPU
		{5A3A8820-F42C-4914-B9FD-BD932AE36224}.Debug|iPhoneSimulator.ActiveCfg = Debug|Any CPU
		{5A3A8820-F42C-4914-B9FD-BD932AE36224}.Debug|iPhoneSimulator.Build.0 = Debug|Any CPU
		{5A3A8820-F42C-4914-B9FD-BD932AE36224}.Release|iPhoneSimulator.ActiveCfg = Release|Any CPU
		{5A3A8820-F42C-4914-B9FD-BD932AE36224}.Release|iPhoneSimulator.Build.0 = Release|Any CPU
		{5A3A8820-F42C-4914-B9FD-BD932AE36224}.Debug|iPhone.ActiveCfg = Debug|Any CPU
		{5A3A8820-F42C-4914-B9FD-BD932AE36224}.Debug|iPhone.Build.0 = Debug|Any CPU
		{5A3A8820-F42C-4914-B9FD-BD932AE36224}.Release|iPhone.ActiveCfg = Release|Any CPU
		{5A3A8820-F42C-4914-B9FD-BD932AE36224}.Release|iPhone.Build.0 = Release|Any CPU
		{67FB8B6C-153D-4D64-BF01-C10F0D4CD470}.Debug|Any CPU.ActiveCfg = Debug|iPhoneSimulator
		{67FB8B6C-153D-4D64-BF01-C10F0D4CD470}.Debug|Any CPU.Build.0 = Debug|iPhoneSimulator
		{67FB8B6C-153D-4D64-BF01-C10F0D4CD470}.Release|Any CPU.ActiveCfg = Release|iPhoneSimulator
		{67FB8B6C-153D-4D64-BF01-C10F0D4CD470}.Release|Any CPU.Build.0 = Release|iPhoneSimulator
		{67FB8B6C-153D-4D64-BF01-C10F0D4CD470}.Debug|iPhoneSimulator.ActiveCfg = Debug|iPhoneSimulator
		{67FB8B6C-153D-4D64-BF01-C10F0D4CD470}.Debug|iPhoneSimulator.Build.0 = Debug|iPhoneSimulator
		{67FB8B6C-153D-4D64-BF01-C10F0D4CD470}.Release|iPhoneSimulator.ActiveCfg = Release|iPhoneSimulator
		{67FB8B6C-153D-4D64-BF01-C10F0D4CD470}.Release|iPhoneSimulator.Build.0 = Release|iPhoneSimulator
		{67FB8B6C-153D-4D64-BF01-C10F0D4CD470}.Debug|iPhone.ActiveCfg = Debug|iPhone
		{67FB8B6C-153D-4D64-BF01-C10F0D4CD470}.Debug|iPhone.Build.0 = Debug|iPhone
		{67FB8B6C-153D-4D64-BF01-C10F0D4CD470}.Release|iPhone.ActiveCfg = Release|iPhone
		{67FB8B6C-153D-4D64-BF01-C10F0D4CD470}.Release|iPhone.Build.0 = Release|iPhone
		{3A6B20AB-6B96-4F45-9638-41832EB7164D}.Debug|Any CPU.ActiveCfg = Debug|Any CPU
		{3A6B20AB-6B96-4F45-9638-41832EB7164D}.Debug|Any CPU.Build.0 = Debug|Any CPU
		{3A6B20AB-6B96-4F45-9638-41832EB7164D}.Release|Any CPU.ActiveCfg = Release|Any CPU
		{3A6B20AB-6B96-4F45-9638-41832EB7164D}.Release|Any CPU.Build.0 = Release|Any CPU
		{3A6B20AB-6B96-4F45-9638-41832EB7164D}.Debug|iPhoneSimulator.ActiveCfg = Debug|Any CPU
		{3A6B20AB-6B96-4F45-9638-41832EB7164D}.Debug|iPhoneSimulator.Build.0 = Debug|Any CPU
		{3A6B20AB-6B96-4F45-9638-41832EB7164D}.Release|iPhoneSimulator.ActiveCfg = Release|Any CPU
		{3A6B20AB-6B96-4F45-9638-41832EB7164D}.Release|iPhoneSimulator.Build.0 = Release|Any CPU
		{3A6B20AB-6B96-4F45-9638-41832EB7164D}.Debug|iPhone.ActiveCfg = Debug|Any CPU
		{3A6B20AB-6B96-4F45-9638-41832EB7164D}.Debug|iPhone.Build.0 = Debug|Any CPU
		{3A6B20AB-6B96-4F45-9638-41832EB7164D}.Release|iPhone.ActiveCfg = Release|Any CPU
		{3A6B20AB-6B96-4F45-9638-41832EB7164D}.Release|iPhone.Build.0 = Release|Any CPU
	EndGlobalSection
EndGlobal
